
Microsoft Visual Studio Solution File, Format Version 12.00
# Visual Studio Version 17
VisualStudioVersion = 17.8.34330.188
MinimumVisualStudioVersion = 10.0.40219.1
Project("{FAE04EC0-301F-11D3-BF4B-00C04F79EFBC}") = "gestiondevols", "gestiondevols\gestiondevols.csproj", "{EE1DA57E-5557-44D6-913B-A303FF8E6359}"
EndProject
Global
	GlobalSection(SolutionConfigurationPlatforms) = preSolution
		Debug|Any CPU = Debug|Any CPU
		Release|Any CPU = Release|Any CPU
	EndGlobalSection
	GlobalSection(ProjectConfigurationPlatforms) = postSolution
		{EE1DA57E-5557-44D6-913B-A303FF8E6359}.Debug|Any CPU.ActiveCfg = Debug|Any CPU
		{EE1DA57E-5557-44D6-913B-A303FF8E6359}.Debug|Any CPU.Build.0 = Debug|Any CPU
		{EE1DA57E-5557-44D6-913B-A303FF8E6359}.Release|Any CPU.ActiveCfg = Release|Any CPU
		{EE1DA57E-5557-44D6-913B-A303FF8E6359}.Release|Any CPU.Build.0 = Release|Any CPU
	EndGlobalSection
	GlobalSection(SolutionProperties) = preSolution
		HideSolutionNode = FALSE
	EndGlobalSection
	GlobalSection(ExtensibilityGlobals) = postSolution
		SolutionGuid = {6A899EC2-DA6D-4139-8625-84773FC8B969}
	EndGlobalSection
EndGlobal
